
Microsoft Visual Studio Solution File, Format Version 12.00
# Visual Studio Version 17
VisualStudioVersion = 17.4.33205.214
MinimumVisualStudioVersion = 10.0.40219.1
Project("{9A19103F-16F7-4668-BE54-9A1E7A4F7556}") = "PositiveVoiceCMS", "PositiveVoiceCMS\PositiveVoiceCMS.csproj", "{7D7C3634-2553-466E-B534-8F56DE9DFED6}"
EndProject
Project("{FAE04EC0-301F-11D3-BF4B-00C04F79EFBC}") = "BookingBackend", "BookingBackend\BookingBackend.csproj", "{21FA7DB4-6227-4AD6-B67F-47A2B3EB5475}"
EndProject
Global
	GlobalSection(SolutionConfigurationPlatforms) = preSolution
		Debug|Any CPU = Debug|Any CPU
		Release|Any CPU = Release|Any CPU
	EndGlobalSection
	GlobalSection(ProjectConfigurationPlatforms) = postSolution
		{7D7C3634-2553-466E-B534-8F56DE9DFED6}.Debug|Any CPU.ActiveCfg = Debug|Any CPU
		{7D7C3634-2553-466E-B534-8F56DE9DFED6}.Debug|Any CPU.Build.0 = Debug|Any CPU
		{7D7C3634-2553-466E-B534-8F56DE9DFED6}.Release|Any CPU.ActiveCfg = Release|Any CPU
		{7D7C3634-2553-466E-B534-8F56DE9DFED6}.Release|Any CPU.Build.0 = Release|Any CPU
		{21FA7DB4-6227-4AD6-B67F-47A2B3EB5475}.Debug|Any CPU.ActiveCfg = Debug|Any CPU
		{21FA7DB4-6227-4AD6-B67F-47A2B3EB5475}.Debug|Any CPU.Build.0 = Debug|Any CPU
		{21FA7DB4-6227-4AD6-B67F-47A2B3EB5475}.Release|Any CPU.ActiveCfg = Release|Any CPU
		{21FA7DB4-6227-4AD6-B67F-47A2B3EB5475}.Release|Any CPU.Build.0 = Release|Any CPU
	EndGlobalSection
	GlobalSection(SolutionProperties) = preSolution
		HideSolutionNode = FALSE
	EndGlobalSection
	GlobalSection(ExtensibilityGlobals) = postSolution
		SolutionGuid = {7FAA54E3-1B9A-437E-AC73-7277A2AD02B5}
	EndGlobalSection
EndGlobal
